// !$*UTF8*$!
{
	archiveVersion = 1;
	classes = {
	};
	objectVersion = 77;
	objects = {

/* Begin PBXBuildFile section */
		C189D64F2EE2750800D0AA81 /* LumoApp.swift in Sources */ = {isa = PBXBuildFile; fileRef = C189D64E2EE2750800D0AA81 /* LumoApp.swift */; };
		C189D6512EE2751100D0AA81 /* GetStartedView.swift in Sources */ = {isa = PBXBuildFile; fileRef = C189D6502EE2751100D0AA81 /* GetStartedView.swift */; };
		C189D6532EE2751600D0AA81 /* HomeView.swift in Sources */ = {isa = PBXBuildFile; fileRef = C189D6522EE2751600D0AA81 /* HomeView.swift */; };
		C189D6552EE2751C00D0AA81 /* SplashScreen.swift in Sources */ = {isa = PBXBuildFile; fileRef = C189D6542EE2751C00D0AA81 /* SplashScreen.swift */; };
		C189D6572EE2752500D0AA81 /* GoogleService-Info.plist in Resources */ = {isa = PBXBuildFile; fileRef = C189D6562EE2752500D0AA81 /* GoogleService-Info.plist */; };
		C189D6592EE2752800D0AA81 /* AddPaymentView.swift in Sources */ = {isa = PBXBuildFile; fileRef = C189D6582EE2752800D0AA81 /* AddPaymentView.swift */; };
		C189D65B2EE2752B00D0AA81 /* CardPaymentView.swift in Sources */ = {isa = PBXBuildFile; fileRef = C189D65A2EE2752B00D0AA81 /* CardPaymentView.swift */; };
		C189D65D2EE2752E00D0AA81 /* ConfirmPickupView.swift in Sources */ = {isa = PBXBuildFile; fileRef = C189D65C2EE2752E00D0AA81 /* ConfirmPickupView.swift */; };
		C189D65F2EE2753100D0AA81 /* DestinationSearchView.swift in Sources */ = {isa = PBXBuildFile; fileRef = C189D65E2EE2753100D0AA81 /* DestinationSearchView.swift */; };
		C189D6612EE2753400D0AA81 /* DriverTrackingView.swift in Sources */ = {isa = PBXBuildFile; fileRef = C189D6602EE2753400D0AA81 /* DriverTrackingView.swift */; };
		C189D6632EE2753700D0AA81 /* GoogleMapView.swift in Sources */ = {isa = PBXBuildFile; fileRef = C189D6622EE2753700D0AA81 /* GoogleMapView.swift */; };
		C189D66A2EE2754F00D0AA81 /* StripeConfig.swift in Sources */ = {isa = PBXBuildFile; fileRef = C189D6682EE2754F00D0AA81 /* StripeConfig.swift */; };
		C189D66B2EE2754F00D0AA81 /* GMSMapView+LumoStyle.swift in Sources */ = {isa = PBXBuildFile; fileRef = C189D6642EE2754F00D0AA81 /* GMSMapView+LumoStyle.swift */; };
		C189D66C2EE2754F00D0AA81 /* VerificationView .swift in Sources */ = {isa = PBXBuildFile; fileRef = C189D6692EE2754F00D0AA81 /* VerificationView .swift */; };
		C189D66D2EE2754F00D0AA81 /* LocationManager.swift in Sources */ = {isa = PBXBuildFile; fileRef = C189D6652EE2754F00D0AA81 /* LocationManager.swift */; };
		C189D66E2EE2754F00D0AA81 /* LumoMapStyle.json in Resources */ = {isa = PBXBuildFile; fileRef = C189D6662EE2754F00D0AA81 /* LumoMapStyle.json */; };
		C189D66F2EE2754F00D0AA81 /* RealLumo-Info.plist in Resources */ = {isa = PBXBuildFile; fileRef = C189D6672EE2754F00D0AA81 /* RealLumo-Info.plist */; };
		C189D6792EE2756000D0AA81 /* RideConfirmedView.swift in Sources */ = {isa = PBXBuildFile; fileRef = C189D6732EE2756000D0AA81 /* RideConfirmedView.swift */; };
		C189D67A2EE2756000D0AA81 /* ScheduleRideView.swift in Sources */ = {isa = PBXBuildFile; fileRef = C189D6762EE2756000D0AA81 /* ScheduleRideView.swift */; };
		C189D67B2EE2756000D0AA81 /* RouteService.swift in Sources */ = {isa = PBXBuildFile; fileRef = C189D6752EE2756000D0AA81 /* RouteService.swift */; };
		C189D67D2EE2756000D0AA81 /* RideOptionsView.swift in Sources */ = {isa = PBXBuildFile; fileRef = C189D6742EE2756000D0AA81 /* RideOptionsView.swift */; };
/* End PBXBuildFile section */

/* Begin PBXContainerItemProxy section */
		C189D6322EE2740F00D0AA81 /* PBXContainerItemProxy */ = {
			isa = PBXContainerItemProxy;
			containerPortal = C189D61C2EE2740E00D0AA81 /* Project object */;
			proxyType = 1;
			remoteGlobalIDString = C189D6232EE2740E00D0AA81;
			remoteInfo = LumoRider;
		};
		C189D63C2EE2740F00D0AA81 /* PBXContainerItemProxy */ = {
			isa = PBXContainerItemProxy;
			containerPortal = C189D61C2EE2740E00D0AA81 /* Project object */;
			proxyType = 1;
			remoteGlobalIDString = C189D6232EE2740E00D0AA81;
			remoteInfo = LumoRider;
		};
/* End PBXContainerItemProxy section */

/* Begin PBXFileReference section */
		C189D6242EE2740E00D0AA81 /* LumoRider.app */ = {isa = PBXFileReference; explicitFileType = wrapper.application; includeInIndex = 0; path = LumoRider.app; sourceTree = BUILT_PRODUCTS_DIR; };
		C189D6312EE2740F00D0AA81 /* LumoRiderTests.xctest */ = {isa = PBXFileReference; explicitFileType = wrapper.cfbundle; includeInIndex = 0; path = LumoRiderTests.xctest; sourceTree = BUILT_PRODUCTS_DIR; };
		C189D63B2EE2740F00D0AA81 /* LumoRiderUITests.xctest */ = {isa = PBXFileReference; explicitFileType = wrapper.cfbundle; includeInIndex = 0; path = LumoRiderUITests.xctest; sourceTree = BUILT_PRODUCTS_DIR; };
		C189D64E2EE2750800D0AA81 /* LumoApp.swift */ = {isa = PBXFileReference; lastKnownFileType = sourcecode.swift; path = LumoApp.swift; sourceTree = "<group>"; };
		C189D6502EE2751100D0AA81 /* GetStartedView.swift */ = {isa = PBXFileReference; lastKnownFileType = sourcecode.swift; path = GetStartedView.swift; sourceTree = "<group>"; };
		C189D6522EE2751600D0AA81 /* HomeView.swift */ = {isa = PBXFileReference; lastKnownFileType = sourcecode.swift; path = HomeView.swift; sourceTree = "<group>"; };
		C189D6542EE2751C00D0AA81 /* SplashScreen.swift */ = {isa = PBXFileReference; lastKnownFileType = sourcecode.swift; path = SplashScreen.swift; sourceTree = "<group>"; };
		C189D6562EE2752500D0AA81 /* GoogleService-Info.plist */ = {isa = PBXFileReference; lastKnownFileType = text.plist.xml; path = "GoogleService-Info.plist"; sourceTree = "<group>"; };
		C189D6582EE2752800D0AA81 /* AddPaymentView.swift */ = {isa = PBXFileReference; lastKnownFileType = sourcecode.swift; path = AddPaymentView.swift; sourceTree = "<group>"; };
		C189D65A2EE2752B00D0AA81 /* CardPaymentView.swift */ = {isa = PBXFileReference; lastKnownFileType = sourcecode.swift; path = CardPaymentView.swift; sourceTree = "<group>"; };
		C189D65C2EE2752E00D0AA81 /* ConfirmPickupView.swift */ = {isa = PBXFileReference; lastKnownFileType = sourcecode.swift; path = ConfirmPickupView.swift; sourceTree = "<group>"; };
		C189D65E2EE2753100D0AA81 /* DestinationSearchView.swift */ = {isa = PBXFileReference; lastKnownFileType = sourcecode.swift; path = DestinationSearchView.swift; sourceTree = "<group>"; };
		C189D6602EE2753400D0AA81 /* DriverTrackingView.swift */ = {isa = PBXFileReference; lastKnownFileType = sourcecode.swift; path = DriverTrackingView.swift; sourceTree = "<group>"; };
		C189D6622EE2753700D0AA81 /* GoogleMapView.swift */ = {isa = PBXFileReference; lastKnownFileType = sourcecode.swift; path = GoogleMapView.swift; sourceTree = "<group>"; };
		C189D6642EE2754F00D0AA81 /* GMSMapView+LumoStyle.swift */ = {isa = PBXFileReference; lastKnownFileType = sourcecode.swift; path = "GMSMapView+LumoStyle.swift"; sourceTree = "<group>"; };
		C189D6652EE2754F00D0AA81 /* LocationManager.swift */ = {isa = PBXFileReference; lastKnownFileType = sourcecode.swift; path = LocationManager.swift; sourceTree = "<group>"; };
		C189D6662EE2754F00D0AA81 /* LumoMapStyle.json */ = {isa = PBXFileReference; lastKnownFileType = text.json; path = LumoMapStyle.json; sourceTree = "<group>"; };
		C189D6672EE2754F00D0AA81 /* RealLumo-Info.plist */ = {isa = PBXFileReference; lastKnownFileType = text.plist.xml; path = "RealLumo-Info.plist"; sourceTree = "<group>"; };
		C189D6682EE2754F00D0AA81 /* StripeConfig.swift */ = {isa = PBXFileReference; lastKnownFileType = sourcecode.swift; path = StripeConfig.swift; sourceTree = "<group>"; };
		C189D6692EE2754F00D0AA81 /* VerificationView .swift */ = {isa = PBXFileReference; lastKnownFileType = sourcecode.swift; path = "VerificationView .swift"; sourceTree = "<group>"; };
		C189D6732EE2756000D0AA81 /* RideConfirmedView.swift */ = {isa = PBXFileReference; lastKnownFileType = sourcecode.swift; path = RideConfirmedView.swift; sourceTree = "<group>"; };
		C189D6742EE2756000D0AA81 /* RideOptionsView.swift */ = {isa = PBXFileReference; lastKnownFileType = sourcecode.swift; path = RideOptionsView.swift; sourceTree = "<group>"; };
		C189D6752EE2756000D0AA81 /* RouteService.swift */ = {isa = PBXFileReference; lastKnownFileType = sourcecode.swift; path = RouteService.swift; sourceTree = "<group>"; };
		C189D6762EE2756000D0AA81 /* ScheduleRideView.swift */ = {isa = PBXFileReference; lastKnownFileType = sourcecode.swift; path = ScheduleRideView.swift; sourceTree = "<group>"; };
/* End PBXFileReference section */

/* Begin PBXFrameworksBuildPhase section */
		C189D6212EE2740E00D0AA81 /* Frameworks */ = {
			isa = PBXFrameworksBuildPhase;
			buildActionMask = 2147483647;
			files = (
			);
			runOnlyForDeploymentPostprocessing = 0;
		};
		C189D62E2EE2740F00D0AA81 /* Frameworks */ = {
			isa = PBXFrameworksBuildPhase;
			buildActionMask = 2147483647;
			files = (
			);
			runOnlyForDeploymentPostprocessing = 0;
		};
		C189D6382EE2740F00D0AA81 /* Frameworks */ = {
			isa = PBXFrameworksBuildPhase;
			buildActionMask = 2147483647;
			files = (
			);
			runOnlyForDeploymentPostprocessing = 0;
		};
/* End PBXFrameworksBuildPhase section */

/* Begin PBXGroup section */
		C189D61B2EE2740E00D0AA81 = {
			isa = PBXGroup;
			children = (
				C189D64E2EE2750800D0AA81 /* LumoApp.swift */,
				C189D6542EE2751C00D0AA81 /* SplashScreen.swift */,
				C189D6502EE2751100D0AA81 /* GetStartedView.swift */,
				C189D6522EE2751600D0AA81 /* HomeView.swift */,
				C189D6582EE2752800D0AA81 /* AddPaymentView.swift */,
				C189D65A2EE2752B00D0AA81 /* CardPaymentView.swift */,
				C189D65C2EE2752E00D0AA81 /* ConfirmPickupView.swift */,
				C189D65E2EE2753100D0AA81 /* DestinationSearchView.swift */,
				C189D6602EE2753400D0AA81 /* DriverTrackingView.swift */,
				C189D6622EE2753700D0AA81 /* GoogleMapView.swift */,
				C189D6642EE2754F00D0AA81 /* GMSMapView+LumoStyle.swift */,
				C189D6652EE2754F00D0AA81 /* LocationManager.swift */,
				C189D6682EE2754F00D0AA81 /* StripeConfig.swift */,
				C189D6692EE2754F00D0AA81 /* VerificationView .swift */,
				C189D6732EE2756000D0AA81 /* RideConfirmedView.swift */,
				C189D6742EE2756000D0AA81 /* RideOptionsView.swift */,
				C189D6752EE2756000D0AA81 /* RouteService.swift */,
				C189D6762EE2756000D0AA81 /* ScheduleRideView.swift */,
				C189D6562EE2752500D0AA81 /* GoogleService-Info.plist */,
				C189D6672EE2754F00D0AA81 /* RealLumo-Info.plist */,
				C189D6662EE2754F00D0AA81 /* LumoMapStyle.json */,
				C189D6252EE2740E00D0AA81 /* Products */,
			);
			sourceTree = "<group>";
		};
		C189D6252EE2740E00D0AA81 /* Products */ = {
			isa = PBXGroup;
			children = (
				C189D6242EE2740E00D0AA81 /* LumoRider.app */,
				C189D6312EE2740F00D0AA81 /* LumoRiderTests.xctest */,
				C189D63B2EE2740F00D0AA81 /* LumoRiderUITests.xctest */,
			);
			name = Products;
			sourceTree = "<group>";
		};
/* End PBXGroup section */

/* Begin PBXNativeTarget section */
		C189D6232EE2740E00D0AA81 /* LumoRider */ = {
			isa = PBXNativeTarget;
			buildConfigurationList = C189D6452EE2740F00D0AA81 /* Build configuration list for PBXNativeTarget "LumoRider" */;
			buildPhases = (
				C189D6202EE2740E00D0AA81 /* Sources */,
				C189D6212EE2740E00D0AA81 /* Frameworks */,
				C189D6222EE2740E00D0AA81 /* Resources */,
			);
			buildRules = (
			);
			dependencies = (
			);
			name = LumoRider;
			packageProductDependencies = (
			);
			productName = LumoRider;
			productReference = C189D6242EE2740E00D0AA81 /* LumoRider.app */;
			productType = "com.apple.product-type.application";
		};
		C189D6302EE2740F00D0AA81 /* LumoRiderTests */ = {
			isa = PBXNativeTarget;
			buildConfigurationList = C189D6482EE2740F00D0AA81 /* Build configuration list for PBXNativeTarget "LumoRiderTests" */;
			buildPhases = (
				C189D62D2EE2740F00D0AA81 /* Sources */,
				C189D62E2EE2740F00D0AA81 /* Frameworks */,
				C189D62F2EE2740F00D0AA81 /* Resources */,
			);
			buildRules = (
			);
			dependencies = (
				C189D6332EE2740F00D0AA81 /* PBXTargetDependency */,
			);
			name = LumoRiderTests;
			packageProductDependencies = (
			);
			productName = LumoRiderTests;
			productReference = C189D6312EE2740F00D0AA81 /* LumoRiderTests.xctest */;
			productType = "com.apple.product-type.bundle.unit-test";
		};
		C189D63A2EE2740F00D0AA81 /* LumoRiderUITests */ = {
			isa = PBXNativeTarget;
			buildConfigurationList = C189D64B2EE2740F00D0AA81 /* Build configuration list for PBXNativeTarget "LumoRiderUITests" */;
			buildPhases = (
				C189D6372EE2740F00D0AA81 /* Sources */,
				C189D6382EE2740F00D0AA81 /* Frameworks */,
				C189D6392EE2740F00D0AA81 /* Resources */,
			);
			buildRules = (
			);
			dependencies = (
				C189D63D2EE2740F00D0AA81 /* PBXTargetDependency */,
			);
			name = LumoRiderUITests;
			packageProductDependencies = (
			);
			productName = LumoRiderUITests;
			productReference = C189D63B2EE2740F00D0AA81 /* LumoRiderUITests.xctest */;
			productType = "com.apple.product-type.bundle.ui-testing";
		};
/* End PBXNativeTarget section */

/* Begin PBXProject section */
		C189D61C2EE2740E00D0AA81 /* Project object */ = {
			isa = PBXProject;
			attributes = {
				BuildIndependentTargetsInParallel = 1;
				LastSwiftUpdateCheck = 2610;
				LastUpgradeCheck = 2610;
				TargetAttributes = {
					C189D6232EE2740E00D0AA81 = {
						CreatedOnToolsVersion = 26.1.1;
						LastSwiftMigration = 2610;
					};
					C189D6302EE2740F00D0AA81 = {
						CreatedOnToolsVersion = 26.1.1;
						TestTargetID = C189D6232EE2740E00D0AA81;
					};
					C189D63A2EE2740F00D0AA81 = {
						CreatedOnToolsVersion = 26.1.1;
						TestTargetID = C189D6232EE2740E00D0AA81;
					};
				};
			};
			buildConfigurationList = C189D61F2EE2740E00D0AA81 /* Build configuration list for PBXProject "LumoRider" */;
			developmentRegion = en;
			hasScannedForEncodings = 0;
			knownRegions = (
				en,
				Base,
			);
			mainGroup = C189D61B2EE2740E00D0AA81;
			minimizedProjectReferenceProxies = 1;
			preferredProjectObjectVersion = 77;
			productRefGroup = C189D6252EE2740E00D0AA81 /* Products */;
			projectDirPath = "";
			projectRoot = "";
			targets = (
				C189D6232EE2740E00D0AA81 /* LumoRider */,
				C189D6302EE2740F00D0AA81 /* LumoRiderTests */,
				C189D63A2EE2740F00D0AA81 /* LumoRiderUITests */,
			);
		};
/* End PBXProject section */

/* Begin PBXResourcesBuildPhase section */
		C189D6222EE2740E00D0AA81 /* Resources */ = {
			isa = PBXResourcesBuildPhase;
			buildActionMask = 2147483647;
			files = (
				C189D66E2EE2754F00D0AA81 /* LumoMapStyle.json in Resources */,
				C189D66F2EE2754F00D0AA81 /* RealLumo-Info.plist in Resources */,
				C189D6572EE2752500D0AA81 /* GoogleService-Info.plist in Resources */,
			);
			runOnlyForDeploymentPostprocessing = 0;
		};
		C189D62F2EE2740F00D0AA81 /* Resources */ = {
			isa = PBXResourcesBuildPhase;
			buildActionMask = 2147483647;
			files = (
			);
			runOnlyForDeploymentPostprocessing = 0;
		};
		C189D6392EE2740F00D0AA81 /* Resources */ = {
			isa = PBXResourcesBuildPhase;
			buildActionMask = 2147483647;
			files = (
			);
			runOnlyForDeploymentPostprocessing = 0;
		};
/* End PBXResourcesBuildPhase section */

/* Begin PBXSourcesBuildPhase section */
		C189D6202EE2740E00D0AA81 /* Sources */ = {
			isa = PBXSourcesBuildPhase;
			buildActionMask = 2147483647;
			files = (
				C189D6552EE2751C00D0AA81 /* SplashScreen.swift in Sources */,
				C189D66A2EE2754F00D0AA81 /* StripeConfig.swift in Sources */,
				C189D66B2EE2754F00D0AA81 /* GMSMapView+LumoStyle.swift in Sources */,
				C189D6792EE2756000D0AA81 /* RideConfirmedView.swift in Sources */,
				C189D67A2EE2756000D0AA81 /* ScheduleRideView.swift in Sources */,
				C189D67B2EE2756000D0AA81 /* RouteService.swift in Sources */,
				C189D67D2EE2756000D0AA81 /* RideOptionsView.swift in Sources */,
				C189D66C2EE2754F00D0AA81 /* VerificationView .swift in Sources */,
				C189D66D2EE2754F00D0AA81 /* LocationManager.swift in Sources */,
				C189D65F2EE2753100D0AA81 /* DestinationSearchView.swift in Sources */,
				C189D65B2EE2752B00D0AA81 /* CardPaymentView.swift in Sources */,
				C189D6532EE2751600D0AA81 /* HomeView.swift in Sources */,
				C189D6592EE2752800D0AA81 /* AddPaymentView.swift in Sources */,
				C189D6612EE2753400D0AA81 /* DriverTrackingView.swift in Sources */,
				C189D6632EE2753700D0AA81 /* GoogleMapView.swift in Sources */,
				C189D64F2EE2750800D0AA81 /* LumoApp.swift in Sources */,
				C189D6512EE2751100D0AA81 /* GetStartedView.swift in Sources */,
				C189D65D2EE2752E00D0AA81 /* ConfirmPickupView.swift in Sources */,
			);
			runOnlyForDeploymentPostprocessing = 0;
		};
		C189D62D2EE2740F00D0AA81 /* Sources */ = {
			isa = PBXSourcesBuildPhase;
			buildActionMask = 2147483647;
			files = (
			);
			runOnlyForDeploymentPostprocessing = 0;
		};
		C189D6372EE2740F00D0AA81 /* Sources */ = {
			isa = PBXSourcesBuildPhase;
			buildActionMask = 2147483647;
			files = (
			);
			runOnlyForDeploymentPostprocessing = 0;
		};
/* End PBXSourcesBuildPhase section */

/* Begin PBXTargetDependency section */
		C189D6332EE2740F00D0AA81 /* PBXTargetDependency */ = {
			isa = PBXTargetDependency;
			target = C189D6232EE2740E00D0AA81 /* LumoRider */;
			targetProxy = C189D6322EE2740F00D0AA81 /* PBXContainerItemProxy */;
		};
		C189D63D2EE2740F00D0AA81 /* PBXTargetDependency */ = {
			isa = PBXTargetDependency;
			target = C189D6232EE2740E00D0AA81 /* LumoRider */;
			targetProxy = C189D63C2EE2740F00D0AA81 /* PBXContainerItemProxy */;
		};
/* End PBXTargetDependency section */

/* Begin XCBuildConfiguration section */
		C189D6432EE2740F00D0AA81 /* Debug */ = {
			isa = XCBuildConfiguration;
			buildSettings = {
				ALWAYS_SEARCH_USER_PATHS = NO;
				ASSETCATALOG_COMPILER_GENERATE_SWIFT_ASSET_SYMBOL_EXTENSIONS = YES;
				CLANG_ANALYZER_NONNULL = YES;
				CLANG_ANALYZER_NUMBER_OBJECT_CONVERSION = YES_AGGRESSIVE;
				CLANG_CXX_LANGUAGE_STANDARD = "gnu++20";
				CLANG_ENABLE_MODULES = YES;
				CLANG_ENABLE_OBJC_ARC = YES;
				CLANG_ENABLE_OBJC_WEAK = YES;
				CLANG_WARN_BLOCK_CAPTURE_AUTORELEASING = YES;
				CLANG_WARN_BOOL_CONVERSION = YES;
				CLANG_WARN_COMMA = YES;
				CLANG_WARN_CONSTANT_CONVERSION = YES;
				CLANG_WARN_DEPRECATED_OBJC_IMPLEMENTATIONS = YES;
				CLANG_WARN_DIRECT_OBJC_ISA_USAGE = YES_ERROR;
				CLANG_WARN_DOCUMENTATION_COMMENTS = YES;
				CLANG_WARN_EMPTY_BODY = YES;
				CLANG_WARN_ENUM_CONVERSION = YES;
				CLANG_WARN_INFINITE_RECURSION = YES;
				CLANG_WARN_INT_CONVERSION = YES;
				CLANG_WARN_NON_LITERAL_NULL_CONVERSION = YES;
				CLANG_WARN_OBJC_IMPLICIT_RETAIN_SELF = YES;
				CLANG_WARN_OBJC_LITERAL_CONVERSION = YES;
				CLANG_WARN_OBJC_ROOT_CLASS = YES_ERROR;
				CLANG_WARN_QUOTED_INCLUDE_IN_FRAMEWORK_HEADER = YES;
				CLANG_WARN_RANGE_LOOP_ANALYSIS = YES;
				CLANG_WARN_STRICT_PROTOTYPES = YES;
				CLANG_WARN_SUSPICIOUS_MOVE = YES;
				CLANG_WARN_UNGUARDED_AVAILABILITY = YES_AGGRESSIVE;
				CLANG_WARN_UNREACHABLE_CODE = YES;
				CLANG_WARN__DUPLICATE_METHOD_MATCH = YES;
				COPY_PHASE_STRIP = NO;
				DEBUG_INFORMATION_FORMAT = dwarf;
				DEVELOPMENT_TEAM = 865S59PB5Y;
				ENABLE_STRICT_OBJC_MSGSEND = YES;
				ENABLE_TESTABILITY = YES;
				ENABLE_USER_SCRIPT_SANDBOXING = YES;
				GCC_C_LANGUAGE_STANDARD = gnu17;
				GCC_DYNAMIC_NO_PIC = NO;
				GCC_NO_COMMON_BLOCKS = YES;
				GCC_OPTIMIZATION_LEVEL = 0;
				GCC_PREPROCESSOR_DEFINITIONS = (
					"DEBUG=1",
					"$(inherited)",
				);
				GCC_WARN_64_TO_32_BIT_CONVERSION = YES;
				GCC_WARN_ABOUT_RETURN_TYPE = YES_ERROR;
				GCC_WARN_UNDECLARED_SELECTOR = YES;
				GCC_WARN_UNINITIALIZED_AUTOS = YES_AGGRESSIVE;
				GCC_WARN_UNUSED_FUNCTION = YES;
				GCC_WARN_UNUSED_VARIABLE = YES;
				IPHONEOS_DEPLOYMENT_TARGET = 26.1;
				LOCALIZATION_PREFERS_STRING_CATALOGS = YES;
				MTL_ENABLE_DEBUG_INFO = INCLUDE_SOURCE;
				MTL_FAST_MATH = YES;
				ONLY_ACTIVE_ARCH = YES;
				SDKROOT = iphoneos;
				SWIFT_ACTIVE_COMPILATION_CONDITIONS = "DEBUG $(inherited)";
				SWIFT_OPTIMIZATION_LEVEL = "-Onone";
			};
			name = Debug;
		};
		C189D6442EE2740F00D0AA81 /* Release */ = {
			isa = XCBuildConfiguration;
			buildSettings = {
				ALWAYS_SEARCH_USER_PATHS = NO;
				ASSETCATALOG_COMPILER_GENERATE_SWIFT_ASSET_SYMBOL_EXTENSIONS = YES;
				CLANG_ANALYZER_NONNULL = YES;
				CLANG_ANALYZER_NUMBER_OBJECT_CONVERSION = YES_AGGRESSIVE;
				CLANG_CXX_LANGUAGE_STANDARD = "gnu++20";
				CLANG_ENABLE_MODULES = YES;
				CLANG_ENABLE_OBJC_ARC = YES;
				CLANG_ENABLE_OBJC_WEAK = YES;
				CLANG_WARN_BLOCK_CAPTURE_AUTORELEASING = YES;
				CLANG_WARN_BOOL_CONVERSION = YES;
				CLANG_WARN_COMMA = YES;
				CLANG_WARN_CONSTANT_CONVERSION = YES;
				CLANG_WARN_DEPRECATED_OBJC_IMPLEMENTATIONS = YES;
				CLANG_WARN_DIRECT_OBJC_ISA_USAGE = YES_ERROR;
				CLANG_WARN_DOCUMENTATION_COMMENTS = YES;
				CLANG_WARN_EMPTY_BODY = YES;
				CLANG_WARN_ENUM_CONVERSION = YES;
				CLANG_WARN_INFINITE_RECURSION = YES;
				CLANG_WARN_INT_CONVERSION = YES;
				CLANG_WARN_NON_LITERAL_NULL_CONVERSION = YES;
				CLANG_WARN_OBJC_IMPLICIT_RETAIN_SELF = YES;
				CLANG_WARN_OBJC_LITERAL_CONVERSION = YES;
				CLANG_WARN_OBJC_ROOT_CLASS = YES_ERROR;
				CLANG_WARN_QUOTED_INCLUDE_IN_FRAMEWORK_HEADER = YES;
				CLANG_WARN_RANGE_LOOP_ANALYSIS = YES;
				CLANG_WARN_STRICT_PROTOTYPES = YES;
				CLANG_WARN_SUSPICIOUS_MOVE = YES;
				CLANG_WARN_UNGUARDED_AVAILABILITY = YES_AGGRESSIVE;
				CLANG_WARN_UNREACHABLE_CODE = YES;
				CLANG_WARN__DUPLICATE_METHOD_MATCH = YES;
				COPY_PHASE_STRIP = NO;
				DEBUG_INFORMATION_FORMAT = "dwarf-with-dsym";
				DEVELOPMENT_TEAM = 865S59PB5Y;
				ENABLE_NS_ASSERTIONS = NO;
				ENABLE_STRICT_OBJC_MSGSEND = YES;
				ENABLE_USER_SCRIPT_SANDBOXING = YES;
				GCC_C_LANGUAGE_STANDARD = gnu17;
				GCC_NO_COMMON_BLOCKS = YES;
				GCC_WARN_64_TO_32_BIT_CONVERSION = YES;
				GCC_WARN_ABOUT_RETURN_TYPE = YES_ERROR;
				GCC_WARN_UNDECLARED_SELECTOR = YES;
				GCC_WARN_UNINITIALIZED_AUTOS = YES_AGGRESSIVE;
				GCC_WARN_UNUSED_FUNCTION = YES;
				GCC_WARN_UNUSED_VARIABLE = YES;
				IPHONEOS_DEPLOYMENT_TARGET = 26.1;
				LOCALIZATION_PREFERS_STRING_CATALOGS = YES;
				MTL_ENABLE_DEBUG_INFO = NO;
				MTL_FAST_MATH = YES;
				SDKROOT = iphoneos;
				SWIFT_COMPILATION_MODE = wholemodule;
				VALIDATE_PRODUCT = YES;
			};
			name = Release;
		};
		C189D6462EE2740F00D0AA81 /* Debug */ = {
			isa = XCBuildConfiguration;
			buildSettings = {
				ASSETCATALOG_COMPILER_APPICON_NAME = AppIcon;
				ASSETCATALOG_COMPILER_GLOBAL_ACCENT_COLOR_NAME = AccentColor;
				CLANG_ENABLE_MODULES = YES;
				CODE_SIGN_STYLE = Automatic;
				CURRENT_PROJECT_VERSION = 1;
				DEVELOPMENT_TEAM = 865S59PB5Y;
				ENABLE_PREVIEWS = YES;
				GENERATE_INFOPLIST_FILE = YES;
				INFOPLIST_KEY_UIApplicationSceneManifest_Generation = YES;
				INFOPLIST_KEY_UIApplicationSupportsIndirectInputEvents = YES;
				INFOPLIST_KEY_UILaunchScreen_Generation = YES;
				INFOPLIST_KEY_UISupportedInterfaceOrientations_iPad = "UIInterfaceOrientationPortrait UIInterfaceOrientationPortraitUpsideDown UIInterfaceOrientationLandscapeLeft UIInterfaceOrientationLandscapeRight";
				INFOPLIST_KEY_UISupportedInterfaceOrientations_iPhone = "UIInterfaceOrientationPortrait UIInterfaceOrientationLandscapeLeft UIInterfaceOrientationLandscapeRight";
				LD_RUNPATH_SEARCH_PATHS = (
					"$(inherited)",
					"@executable_path/Frameworks",
				);
				MARKETING_VERSION = 1.0;
				PRODUCT_BUNDLE_IDENTIFIER = com.alyaa.LumoRider;
				PRODUCT_NAME = "$(TARGET_NAME)";
				STRING_CATALOG_GENERATE_SYMBOLS = YES;
				SWIFT_APPROACHABLE_CONCURRENCY = YES;
				SWIFT_DEFAULT_ACTOR_ISOLATION = MainActor;
				SWIFT_EMIT_LOC_STRINGS = YES;
				SWIFT_OPTIMIZATION_LEVEL = "-Onone";
				SWIFT_UPCOMING_FEATURE_MEMBER_IMPORT_VISIBILITY = YES;
				SWIFT_VERSION = 5.0;
				TARGETED_DEVICE_FAMILY = "1,2";
			};
			name = Debug;
		};
		C189D6472EE2740F00D0AA81 /* Release */ = {
			isa = XCBuildConfiguration;
			buildSettings = {
				ASSETCATALOG_COMPILER_APPICON_NAME = AppIcon;
				ASSETCATALOG_COMPILER_GLOBAL_ACCENT_COLOR_NAME = AccentColor;
				CLANG_ENABLE_MODULES = YES;
				CODE_SIGN_STYLE = Automatic;
				CURRENT_PROJECT_VERSION = 1;
				DEVELOPMENT_TEAM = 865S59PB5Y;
				ENABLE_PREVIEWS = YES;
				GENERATE_INFOPLIST_FILE = YES;
				INFOPLIST_KEY_UIApplicationSceneManifest_Generation = YES;
				INFOPLIST_KEY_UIApplicationSupportsIndirectInputEvents = YES;
				INFOPLIST_KEY_UILaunchScreen_Generation = YES;
				INFOPLIST_KEY_UISupportedInterfaceOrientations_iPad = "UIInterfaceOrientationPortrait UIInterfaceOrientationPortraitUpsideDown UIInterfaceOrientationLandscapeLeft UIInterfaceOrientationLandscapeRight";
				INFOPLIST_KEY_UISupportedInterfaceOrientations_iPhone = "UIInterfaceOrientationPortrait UIInterfaceOrientationLandscapeLeft UIInterfaceOrientationLandscapeRight";
				LD_RUNPATH_SEARCH_PATHS = (
					"$(inherited)",
					"@executable_path/Frameworks",
				);
				MARKETING_VERSION = 1.0;
				PRODUCT_BUNDLE_IDENTIFIER = com.alyaa.LumoRider;
				PRODUCT_NAME = "$(TARGET_NAME)";
				STRING_CATALOG_GENERATE_SYMBOLS = YES;
				SWIFT_APPROACHABLE_CONCURRENCY = YES;
				SWIFT_DEFAULT_ACTOR_ISOLATION = MainActor;
				SWIFT_EMIT_LOC_STRINGS = YES;
				SWIFT_UPCOMING_FEATURE_MEMBER_IMPORT_VISIBILITY = YES;
				SWIFT_VERSION = 5.0;
				TARGETED_DEVICE_FAMILY = "1,2";
			};
			name = Release;
		};
		C189D6492EE2740F00D0AA81 /* Debug */ = {
			isa = XCBuildConfiguration;
			buildSettings = {
				BUNDLE_LOADER = "$(TEST_HOST)";
				CODE_SIGN_STYLE = Automatic;
				CURRENT_PROJECT_VERSION = 1;
				DEVELOPMENT_TEAM = 865S59PB5Y;
				GENERATE_INFOPLIST_FILE = YES;
				IPHONEOS_DEPLOYMENT_TARGET = 26.1;
				MARKETING_VERSION = 1.0;
				PRODUCT_BUNDLE_IDENTIFIER = com.alyaa.LumoRiderTests;
				PRODUCT_NAME = "$(TARGET_NAME)";
				STRING_CATALOG_GENERATE_SYMBOLS = NO;
				SWIFT_APPROACHABLE_CONCURRENCY = YES;
				SWIFT_EMIT_LOC_STRINGS = NO;
				SWIFT_UPCOMING_FEATURE_MEMBER_IMPORT_VISIBILITY = YES;
				SWIFT_VERSION = 5.0;
				TARGETED_DEVICE_FAMILY = "1,2";
				TEST_HOST = "$(BUILT_PRODUCTS_DIR)/LumoRider.app/$(BUNDLE_EXECUTABLE_FOLDER_PATH)/LumoRider";
			};
			name = Debug;
		};
		C189D64A2EE2740F00D0AA81 /* Release */ = {
			isa = XCBuildConfiguration;
			buildSettings = {
				BUNDLE_LOADER = "$(TEST_HOST)";
				CODE_SIGN_STYLE = Automatic;
				CURRENT_PROJECT_VERSION = 1;
				DEVELOPMENT_TEAM = 865S59PB5Y;
				GENERATE_INFOPLIST_FILE = YES;
				IPHONEOS_DEPLOYMENT_TARGET = 26.1;
				MARKETING_VERSION = 1.0;
				PRODUCT_BUNDLE_IDENTIFIER = com.alyaa.LumoRiderTests;
				PRODUCT_NAME = "$(TARGET_NAME)";
				STRING_CATALOG_GENERATE_SYMBOLS = NO;
				SWIFT_APPROACHABLE_CONCURRENCY = YES;
				SWIFT_EMIT_LOC_STRINGS = NO;
				SWIFT_UPCOMING_FEATURE_MEMBER_IMPORT_VISIBILITY = YES;
				SWIFT_VERSION = 5.0;
				TARGETED_DEVICE_FAMILY = "1,2";
				TEST_HOST = "$(BUILT_PRODUCTS_DIR)/LumoRider.app/$(BUNDLE_EXECUTABLE_FOLDER_PATH)/LumoRider";
			};
			name = Release;
		};
		C189D64C2EE2740F00D0AA81 /* Debug */ = {
			isa = XCBuildConfiguration;
			buildSettings = {
				CODE_SIGN_STYLE = Automatic;
				CURRENT_PROJECT_VERSION = 1;
				DEVELOPMENT_TEAM = 865S59PB5Y;
				GENERATE_INFOPLIST_FILE = YES;
				MARKETING_VERSION = 1.0;
				PRODUCT_BUNDLE_IDENTIFIER = com.alyaa.LumoRiderUITests;
				PRODUCT_NAME = "$(TARGET_NAME)";
				STRING_CATALOG_GENERATE_SYMBOLS = NO;
				SWIFT_APPROACHABLE_CONCURRENCY = YES;
				SWIFT_EMIT_LOC_STRINGS = NO;
				SWIFT_UPCOMING_FEATURE_MEMBER_IMPORT_VISIBILITY = YES;
				SWIFT_VERSION = 5.0;
				TARGETED_DEVICE_FAMILY = "1,2";
				TEST_TARGET_NAME = LumoRider;
			};
			name = Debug;
		};
		C189D64D2EE2740F00D0AA81 /* Release */ = {
			isa = XCBuildConfiguration;
			buildSettings = {
				CODE_SIGN_STYLE = Automatic;
				CURRENT_PROJECT_VERSION = 1;
				DEVELOPMENT_TEAM = 865S59PB5Y;
				GENERATE_INFOPLIST_FILE = YES;
				MARKETING_VERSION = 1.0;
				PRODUCT_BUNDLE_IDENTIFIER = com.alyaa.LumoRiderUITests;
				PRODUCT_NAME = "$(TARGET_NAME)";
				STRING_CATALOG_GENERATE_SYMBOLS = NO;
				SWIFT_APPROACHABLE_CONCURRENCY = YES;
				SWIFT_EMIT_LOC_STRINGS = NO;
				SWIFT_UPCOMING_FEATURE_MEMBER_IMPORT_VISIBILITY = YES;
				SWIFT_VERSION = 5.0;
				TARGETED_DEVICE_FAMILY = "1,2";
				TEST_TARGET_NAME = LumoRider;
			};
			name = Release;
		};
/* End XCBuildConfiguration section */

/* Begin XCConfigurationList section */
		C189D61F2EE2740E00D0AA81 /* Build configuration list for PBXProject "LumoRider" */ = {
			isa = XCConfigurationList;
			buildConfigurations = (
				C189D6432EE2740F00D0AA81 /* Debug */,
				C189D6442EE2740F00D0AA81 /* Release */,
			);
			defaultConfigurationIsVisible = 0;
			defaultConfigurationName = Release;
		};
		C189D6452EE2740F00D0AA81 /* Build configuration list for PBXNativeTarget "LumoRider" */ = {
			isa = XCConfigurationList;
			buildConfigurations = (
				C189D6462EE2740F00D0AA81 /* Debug */,
				C189D6472EE2740F00D0AA81 /* Release */,
			);
			defaultConfigurationIsVisible = 0;
			defaultConfigurationName = Release;
		};
		C189D6482EE2740F00D0AA81 /* Build configuration list for PBXNativeTarget "LumoRiderTests" */ = {
			isa = XCConfigurationList;
			buildConfigurations = (
				C189D6492EE2740F00D0AA81 /* Debug */,
				C189D64A2EE2740F00D0AA81 /* Release */,
			);
			defaultConfigurationIsVisible = 0;
			defaultConfigurationName = Release;
		};
		C189D64B2EE2740F00D0AA81 /* Build configuration list for PBXNativeTarget "LumoRiderUITests" */ = {
			isa = XCConfigurationList;
			buildConfigurations = (
				C189D64C2EE2740F00D0AA81 /* Debug */,
				C189D64D2EE2740F00D0AA81 /* Release */,
			);
			defaultConfigurationIsVisible = 0;
			defaultConfigurationName = Release;
		};
/* End XCConfigurationList section */
	};
	rootObject = C189D61C2EE2740E00D0AA81 /* Project object */;
}
