// !$*UTF8*$!
{
	archiveVersion = 1;
	classes = {
	};
	objectVersion = 77;
	objects = {

/* Begin PBXBuildFile section */
		C112358F2F134FE8008CCCC0 /* Message.swift in Sources */ = {isa = PBXBuildFile; fileRef = C112358E2F134FE8008CCCC0 /* Message.swift */; };
		C11235912F135018008CCCC0 /* ChatService.swift in Sources */ = {isa = PBXBuildFile; fileRef = C11235902F135018008CCCC0 /* ChatService.swift */; };
		C11235932F135034008CCCC0 /* ChatView.swift in Sources */ = {isa = PBXBuildFile; fileRef = C11235922F135034008CCCC0 /* ChatView.swift */; };
		C11235952F135324008CCCC0 /* Supabase in Frameworks */ = {isa = PBXBuildFile; productRef = C11235942F135324008CCCC0 /* Supabase */; };
		C11EACCB2F23FBEB00E84333 /* AppleSignInService.swift in Sources */ = {isa = PBXBuildFile; fileRef = C11EACCA2F23FBEB00E84333 /* AppleSignInService.swift */; };
		C122E43A2ED8E57C00EEE5DA /* ScheduleRideView.swift in Sources */ = {isa = PBXBuildFile; fileRef = C122E4392ED8E57C00EEE5DA /* ScheduleRideView.swift */; };
		C136FEF62F2584F2009CEAFC /* GoogleService-Info.plist in Resources */ = {isa = PBXBuildFile; fileRef = C136FEF52F2584F2009CEAFC /* GoogleService-Info.plist */; };
		C13C1F342ED8C59900F9CCBE /* DestinationSearchView.swift in Sources */ = {isa = PBXBuildFile; fileRef = C13C1F332ED8C59900F9CCBE /* DestinationSearchView.swift */; };
		C14C472E2F1DA4800076F2DD /* RideScheduledView.swift in Sources */ = {isa = PBXBuildFile; fileRef = C14C472D2F1DA4800076F2DD /* RideScheduledView.swift */; };
		C1511F252EE53B01005203B8 /* LumoAPI.swift in Sources */ = {isa = PBXBuildFile; fileRef = C1511F242EE53B01005203B8 /* LumoAPI.swift */; };
		C1511F272EE53C4B005203B8 /* RiderBackendTestView.swift in Sources */ = {isa = PBXBuildFile; fileRef = C1511F262EE53C4B005203B8 /* RiderBackendTestView.swift */; };
		C1595C2A2EDA6F8C0098FD1D /* AddPaymentView.swift in Sources */ = {isa = PBXBuildFile; fileRef = C1595C292EDA6F8C0098FD1D /* AddPaymentView.swift */; };
		C1595C2D2EDA83960098FD1D /* Stripe in Frameworks */ = {isa = PBXBuildFile; productRef = C1595C2C2EDA83960098FD1D /* Stripe */; };
		C1595C2F2EDA83D60098FD1D /* StripeConfig.swift in Sources */ = {isa = PBXBuildFile; fileRef = C1595C2E2EDA83D60098FD1D /* StripeConfig.swift */; };
		C1595C312EDA88820098FD1D /* CardPaymentView.swift in Sources */ = {isa = PBXBuildFile; fileRef = C1595C302EDA88820098FD1D /* CardPaymentView.swift */; };
		C1595C332EDA8B600098FD1D /* RideConfirmedView.swift in Sources */ = {isa = PBXBuildFile; fileRef = C1595C322EDA8B600098FD1D /* RideConfirmedView.swift */; };
		C1595C382EDA9BD50098FD1D /* GoogleMaps in Frameworks */ = {isa = PBXBuildFile; productRef = C1595C372EDA9BD50098FD1D /* GoogleMaps */; };
		C1595C3A2EDA9CFD0098FD1D /* GoogleMapView.swift in Sources */ = {isa = PBXBuildFile; fileRef = C1595C392EDA9CFD0098FD1D /* GoogleMapView.swift */; };
		C1595C3E2EDAA8530098FD1D /* LumoMapStyle.json in Sources */ = {isa = PBXBuildFile; fileRef = C1595C3D2EDAA84C0098FD1D /* LumoMapStyle.json */; };
		C17486022EE9189A00570D95 /* DeliveryRequestView.swift in Sources */ = {isa = PBXBuildFile; fileRef = C17486012EE9189A00570D95 /* DeliveryRequestView.swift */; };
		C176D8F12F16E43C00C56989 /* SeachingForDriverView.swift in Sources */ = {isa = PBXBuildFile; fileRef = C176D8F02F16E43C00C56989 /* SeachingForDriverView.swift */; };
		C17FBF942ED6CBE300E6CA1D /* FirebaseAuth in Frameworks */ = {isa = PBXBuildFile; productRef = C17FBF932ED6CBE300E6CA1D /* FirebaseAuth */; };
		C17FBF962ED6CBE300E6CA1D /* FirebaseCore in Frameworks */ = {isa = PBXBuildFile; productRef = C17FBF952ED6CBE300E6CA1D /* FirebaseCore */; };
		C1876E462ED69DCB00FD8CAC /* Assets.xcassets in Resources */ = {isa = PBXBuildFile; fileRef = C1876E452ED69DCB00FD8CAC /* Assets.xcassets */; };
		C18AFCBF2FF2E29700E5850F /* FirebaseFunctions in Frameworks */ = {isa = PBXBuildFile; productRef = C18AFCBE2FF2E29700E5850F /* FirebaseFunctions */; };
		C1A9BFCA2F14774B007AEE88 /* IraqAutoFareCalculator.swift in Sources */ = {isa = PBXBuildFile; fileRef = C1A9BFC92F14774B007AEE88 /* IraqAutoFareCalculator.swift */; };
		C1B92D2A2F245F5C008F42E6 /* FirebaseMessaging in Frameworks */ = {isa = PBXBuildFile; productRef = C1B92D292F245F5C008F42E6 /* FirebaseMessaging */; };
		C1C6243A2EDBCCAF00889D32 /* NavigationCoordinator.swift in Sources */ = {isa = PBXBuildFile; fileRef = C1C624392EDBCCAF00889D32 /* NavigationCoordinator.swift */; };
		C1CFC0FB2ED8FE3300CCA712 /* LocationManager.swift in Sources */ = {isa = PBXBuildFile; fileRef = C1CFC0FA2ED8FE3300CCA712 /* LocationManager.swift */; };
		C1CFC0FD2ED90FAC00CCA712 /* RideOptionsView.swift in Sources */ = {isa = PBXBuildFile; fileRef = C1CFC0FC2ED90FAC00CCA712 /* RideOptionsView.swift */; };
		C1CFC0FF2ED9130100CCA712 /* ConfirmPickupView.swift in Sources */ = {isa = PBXBuildFile; fileRef = C1CFC0FE2ED9130100CCA712 /* ConfirmPickupView.swift */; };
		C1D548A82ED6925600A387ED /* LumoApp.swift in Sources */ = {isa = PBXBuildFile; fileRef = C1D548A72ED6925600A387ED /* LumoApp.swift */; };
		C1D548AC2ED6927800A387ED /* HomeView.swift in Sources */ = {isa = PBXBuildFile; fileRef = C1D548AA2ED6927800A387ED /* HomeView.swift */; };
		C1D548AD2ED6927800A387ED /* SplashScreen.swift in Sources */ = {isa = PBXBuildFile; fileRef = C1D548AB2ED6927800A387ED /* SplashScreen.swift */; };
		C1D548AE2ED6927800A387ED /* GetStartedView.swift in Sources */ = {isa = PBXBuildFile; fileRef = C1D548A92ED6927800A387ED /* GetStartedView.swift */; };
		C1D634D02EE3969B006CA37E /* FirebaseFirestore in Frameworks */ = {isa = PBXBuildFile; productRef = C1D634CF2EE3969B006CA37E /* FirebaseFirestore */; };
		C1DC3FFE2ED8093700E98BD5 /* VerificationView .swift in Sources */ = {isa = PBXBuildFile; fileRef = C1DC3FFD2ED8093700E98BD5 /* VerificationView .swift */; };
		C1E24F222F0B6DC900CA14F9 /* SupabaseRideService.swift in Sources */ = {isa = PBXBuildFile; fileRef = C1E24F212F0B6DC900CA14F9 /* SupabaseRideService.swift */; };
		C1E24F252F0B6EF500CA14F9 /* Auth in Frameworks */ = {isa = PBXBuildFile; productRef = C1E24F242F0B6EF500CA14F9 /* Auth */; };
		C1E24F272F0B6EF500CA14F9 /* PostgREST in Frameworks */ = {isa = PBXBuildFile; productRef = C1E24F262F0B6EF500CA14F9 /* PostgREST */; };
		C1E24F292F0B6EF500CA14F9 /* Realtime in Frameworks */ = {isa = PBXBuildFile; productRef = C1E24F282F0B6EF500CA14F9 /* Realtime */; };
		C1E8D8F42EDB56DB00B866B3 /* GMSMapView+LumoStyle.swift in Sources */ = {isa = PBXBuildFile; fileRef = C1E8D8F32EDB56DB00B866B3 /* GMSMapView+LumoStyle.swift */; };
		C1E8D8F72EDB65E200B866B3 /* GoogleSignIn in Frameworks */ = {isa = PBXBuildFile; productRef = C1E8D8F62EDB65E200B866B3 /* GoogleSignIn */; };
		C1E8D8F92EDB860500B866B3 /* RouteService.swift in Sources */ = {isa = PBXBuildFile; fileRef = C1E8D8F82EDB860500B866B3 /* RouteService.swift */; };
		C1E8D8FB2EDB8D7900B866B3 /* DriverTrackingView.swift in Sources */ = {isa = PBXBuildFile; fileRef = C1E8D8FA2EDB8D7900B866B3 /* DriverTrackingView.swift */; };
/* End PBXBuildFile section */

/* Begin PBXContainerItemProxy section */
		C1B44A782ED567210095C550 /* PBXContainerItemProxy */ = {
			isa = PBXContainerItemProxy;
			containerPortal = C1B44A622ED567210095C550 /* Project object */;
			proxyType = 1;
			remoteGlobalIDString = C1B44A692ED567210095C550;
			remoteInfo = RealLumo;
		};
		C1B44A822ED567210095C550 /* PBXContainerItemProxy */ = {
			isa = PBXContainerItemProxy;
			containerPortal = C1B44A622ED567210095C550 /* Project object */;
			proxyType = 1;
			remoteGlobalIDString = C1B44A692ED567210095C550;
			remoteInfo = RealLumo;
		};
/* End PBXContainerItemProxy section */

/* Begin PBXFileReference section */
		C112358E2F134FE8008CCCC0 /* Message.swift */ = {isa = PBXFileReference; lastKnownFileType = sourcecode.swift; path = Message.swift; sourceTree = "<group>"; };
		C11235902F135018008CCCC0 /* ChatService.swift */ = {isa = PBXFileReference; lastKnownFileType = sourcecode.swift; path = ChatService.swift; sourceTree = "<group>"; };
		C11235922F135034008CCCC0 /* ChatView.swift */ = {isa = PBXFileReference; lastKnownFileType = sourcecode.swift; path = ChatView.swift; sourceTree = "<group>"; };
		C11EACC92F23FBA600E84333 /* RealLumo.entitlements */ = {isa = PBXFileReference; lastKnownFileType = text.plist.entitlements; path = RealLumo.entitlements; sourceTree = "<group>"; };
		C11EACCA2F23FBEB00E84333 /* AppleSignInService.swift */ = {isa = PBXFileReference; lastKnownFileType = sourcecode.swift; path = AppleSignInService.swift; sourceTree = "<group>"; };
		C122E4392ED8E57C00EEE5DA /* ScheduleRideView.swift */ = {isa = PBXFileReference; lastKnownFileType = sourcecode.swift; path = ScheduleRideView.swift; sourceTree = "<group>"; };
		C136FEF52F2584F2009CEAFC /* GoogleService-Info.plist */ = {isa = PBXFileReference; lastKnownFileType = text.plist.xml; path = "GoogleService-Info.plist"; sourceTree = "<group>"; };
		C13C1F332ED8C59900F9CCBE /* DestinationSearchView.swift */ = {isa = PBXFileReference; lastKnownFileType = sourcecode.swift; path = DestinationSearchView.swift; sourceTree = "<group>"; };
		C14C472D2F1DA4800076F2DD /* RideScheduledView.swift */ = {isa = PBXFileReference; lastKnownFileType = sourcecode.swift; path = RideScheduledView.swift; sourceTree = "<group>"; };
		C1511F242EE53B01005203B8 /* LumoAPI.swift */ = {isa = PBXFileReference; lastKnownFileType = sourcecode.swift; path = LumoAPI.swift; sourceTree = "<group>"; };
		C1511F262EE53C4B005203B8 /* RiderBackendTestView.swift */ = {isa = PBXFileReference; lastKnownFileType = sourcecode.swift; path = RiderBackendTestView.swift; sourceTree = "<group>"; };
		C1595C292EDA6F8C0098FD1D /* AddPaymentView.swift */ = {isa = PBXFileReference; lastKnownFileType = sourcecode.swift; path = AddPaymentView.swift; sourceTree = "<group>"; };
		C1595C2E2EDA83D60098FD1D /* StripeConfig.swift */ = {isa = PBXFileReference; lastKnownFileType = sourcecode.swift; path = StripeConfig.swift; sourceTree = "<group>"; };
		C1595C302EDA88820098FD1D /* CardPaymentView.swift */ = {isa = PBXFileReference; lastKnownFileType = sourcecode.swift; path = CardPaymentView.swift; sourceTree = "<group>"; };
		C1595C322EDA8B600098FD1D /* RideConfirmedView.swift */ = {isa = PBXFileReference; lastKnownFileType = sourcecode.swift; path = RideConfirmedView.swift; sourceTree = "<group>"; };
		C1595C392EDA9CFD0098FD1D /* GoogleMapView.swift */ = {isa = PBXFileReference; lastKnownFileType = sourcecode.swift; path = GoogleMapView.swift; sourceTree = "<group>"; };
		C1595C3D2EDAA84C0098FD1D /* LumoMapStyle.json */ = {isa = PBXFileReference; lastKnownFileType = text.json; path = LumoMapStyle.json; sourceTree = "<group>"; };
		C17486012EE9189A00570D95 /* DeliveryRequestView.swift */ = {isa = PBXFileReference; lastKnownFileType = sourcecode.swift; path = DeliveryRequestView.swift; sourceTree = "<group>"; };
		C176D8F02F16E43C00C56989 /* SeachingForDriverView.swift */ = {isa = PBXFileReference; lastKnownFileType = sourcecode.swift; path = SeachingForDriverView.swift; sourceTree = "<group>"; };
		C1876E422ED69B0500FD8CAC /* RealLumoTests.xctest */ = {isa = PBXFileReference; explicitFileType = wrapper.cfbundle; includeInIndex = 0; path = RealLumoTests.xctest; sourceTree = BUILT_PRODUCTS_DIR; };
		C1876E432ED69B0500FD8CAC /* RealLumoUITests.xctest */ = {isa = PBXFileReference; explicitFileType = wrapper.cfbundle; includeInIndex = 0; path = RealLumoUITests.xctest; sourceTree = BUILT_PRODUCTS_DIR; };
		C1876E452ED69DCB00FD8CAC /* Assets.xcassets */ = {isa = PBXFileReference; lastKnownFileType = folder.assetcatalog; path = Assets.xcassets; sourceTree = "<group>"; };
		C1A9BFC92F14774B007AEE88 /* IraqAutoFareCalculator.swift */ = {isa = PBXFileReference; lastKnownFileType = sourcecode.swift; path = IraqAutoFareCalculator.swift; sourceTree = "<group>"; };
		C1C624392EDBCCAF00889D32 /* NavigationCoordinator.swift */ = {isa = PBXFileReference; lastKnownFileType = sourcecode.swift; path = NavigationCoordinator.swift; sourceTree = "<group>"; };
		C1CFC0FA2ED8FE3300CCA712 /* LocationManager.swift */ = {isa = PBXFileReference; lastKnownFileType = sourcecode.swift; path = LocationManager.swift; sourceTree = "<group>"; };
		C1CFC0FC2ED90FAC00CCA712 /* RideOptionsView.swift */ = {isa = PBXFileReference; lastKnownFileType = sourcecode.swift; path = RideOptionsView.swift; sourceTree = "<group>"; };
		C1CFC0FE2ED9130100CCA712 /* ConfirmPickupView.swift */ = {isa = PBXFileReference; lastKnownFileType = sourcecode.swift; path = ConfirmPickupView.swift; sourceTree = "<group>"; };
		C1D548A72ED6925600A387ED /* LumoApp.swift */ = {isa = PBXFileReference; lastKnownFileType = sourcecode.swift; path = LumoApp.swift; sourceTree = "<group>"; };
		C1D548A92ED6927800A387ED /* GetStartedView.swift */ = {isa = PBXFileReference; lastKnownFileType = sourcecode.swift; path = GetStartedView.swift; sourceTree = "<group>"; };
		C1D548AA2ED6927800A387ED /* HomeView.swift */ = {isa = PBXFileReference; lastKnownFileType = sourcecode.swift; path = HomeView.swift; sourceTree = "<group>"; };
		C1D548AB2ED6927800A387ED /* SplashScreen.swift */ = {isa = PBXFileReference; lastKnownFileType = sourcecode.swift; path = SplashScreen.swift; sourceTree = "<group>"; };
		C1D548AF2ED6942400A387ED /* RealLumo.app */ = {isa = PBXFileReference; explicitFileType = wrapper.application; includeInIndex = 0; path = RealLumo.app; sourceTree = BUILT_PRODUCTS_DIR; };
		C1DC3FFD2ED8093700E98BD5 /* VerificationView .swift */ = {isa = PBXFileReference; lastKnownFileType = sourcecode.swift; path = "VerificationView .swift"; sourceTree = "<group>"; };
		C1E24F212F0B6DC900CA14F9 /* SupabaseRideService.swift */ = {isa = PBXFileReference; lastKnownFileType = sourcecode.swift; path = SupabaseRideService.swift; sourceTree = "<group>"; };
		C1E8D8F32EDB56DB00B866B3 /* GMSMapView+LumoStyle.swift */ = {isa = PBXFileReference; lastKnownFileType = sourcecode.swift; path = "GMSMapView+LumoStyle.swift"; sourceTree = "<group>"; };
		C1E8D8F82EDB860500B866B3 /* RouteService.swift */ = {isa = PBXFileReference; lastKnownFileType = sourcecode.swift; path = RouteService.swift; sourceTree = "<group>"; };
		C1E8D8FA2EDB8D7900B866B3 /* DriverTrackingView.swift */ = {isa = PBXFileReference; lastKnownFileType = sourcecode.swift; path = DriverTrackingView.swift; sourceTree = "<group>"; };
		C1F77E922ED6DD6400C14D4F /* RealLumo-Info.plist */ = {isa = PBXFileReference; lastKnownFileType = text.plist.xml; path = "RealLumo-Info.plist"; sourceTree = "<group>"; };
/* End PBXFileReference section */

/* Begin PBXFrameworksBuildPhase section */
		C1B44A672ED567210095C550 /* Frameworks */ = {
			isa = PBXFrameworksBuildPhase;
			buildActionMask = 2147483647;
			files = (
				C11235952F135324008CCCC0 /* Supabase in Frameworks */,
				C1E24F292F0B6EF500CA14F9 /* Realtime in Frameworks */,
				C1E8D8F72EDB65E200B866B3 /* GoogleSignIn in Frameworks */,
				C18AFCBF2FF2E29700E5850F /* FirebaseFunctions in Frameworks */,
				C1595C382EDA9BD50098FD1D /* GoogleMaps in Frameworks */,
				C17FBF962ED6CBE300E6CA1D /* FirebaseCore in Frameworks */,
				C1E24F252F0B6EF500CA14F9 /* Auth in Frameworks */,
				C1E24F272F0B6EF500CA14F9 /* PostgREST in Frameworks */,
				C17FBF942ED6CBE300E6CA1D /* FirebaseAuth in Frameworks */,
				C1595C2D2EDA83960098FD1D /* Stripe in Frameworks */,
				C1B92D2A2F245F5C008F42E6 /* FirebaseMessaging in Frameworks */,
				C1D634D02EE3969B006CA37E /* FirebaseFirestore in Frameworks */,
			);
			runOnlyForDeploymentPostprocessing = 0;
		};
		C1B44A742ED567210095C550 /* Frameworks */ = {
			isa = PBXFrameworksBuildPhase;
			buildActionMask = 2147483647;
			files = (
			);
			runOnlyForDeploymentPostprocessing = 0;
		};
		C1B44A7E2ED567210095C550 /* Frameworks */ = {
			isa = PBXFrameworksBuildPhase;
			buildActionMask = 2147483647;
			files = (
			);
			runOnlyForDeploymentPostprocessing = 0;
		};
/* End PBXFrameworksBuildPhase section */

/* Begin PBXGroup section */
		C18AFCBD2FF2E29700E5850F /* Frameworks */ = {
			isa = PBXGroup;
			children = (
			);
			name = Frameworks;
			sourceTree = "<group>";
		};
		C1B44A612ED567210095C550 = {
			isa = PBXGroup;
			children = (
				C11EACCA2F23FBEB00E84333 /* AppleSignInService.swift */,
				C11EACC92F23FBA600E84333 /* RealLumo.entitlements */,
				C14C472D2F1DA4800076F2DD /* RideScheduledView.swift */,
				C1A9BFC92F14774B007AEE88 /* IraqAutoFareCalculator.swift */,
				C11235922F135034008CCCC0 /* ChatView.swift */,
				C11235902F135018008CCCC0 /* ChatService.swift */,
				C112358E2F134FE8008CCCC0 /* Message.swift */,
				C1E24F212F0B6DC900CA14F9 /* SupabaseRideService.swift */,
				C1D548A72ED6925600A387ED /* LumoApp.swift */,
				C1D548AB2ED6927800A387ED /* SplashScreen.swift */,
				C1D548A92ED6927800A387ED /* GetStartedView.swift */,
				C1DC3FFD2ED8093700E98BD5 /* VerificationView .swift */,
				C1D548AA2ED6927800A387ED /* HomeView.swift */,
				C13C1F332ED8C59900F9CCBE /* DestinationSearchView.swift */,
				C1CFC0FE2ED9130100CCA712 /* ConfirmPickupView.swift */,
				C1CFC0FC2ED90FAC00CCA712 /* RideOptionsView.swift */,
				C122E4392ED8E57C00EEE5DA /* ScheduleRideView.swift */,
				C1CFC0FA2ED8FE3300CCA712 /* LocationManager.swift */,
				C1595C292EDA6F8C0098FD1D /* AddPaymentView.swift */,
				C1595C2E2EDA83D60098FD1D /* StripeConfig.swift */,
				C1595C302EDA88820098FD1D /* CardPaymentView.swift */,
				C176D8F02F16E43C00C56989 /* SeachingForDriverView.swift */,
				C1595C322EDA8B600098FD1D /* RideConfirmedView.swift */,
				C1595C392EDA9CFD0098FD1D /* GoogleMapView.swift */,
				C1595C3D2EDAA84C0098FD1D /* LumoMapStyle.json */,
				C1E8D8F32EDB56DB00B866B3 /* GMSMapView+LumoStyle.swift */,
				C1E8D8F82EDB860500B866B3 /* RouteService.swift */,
				C1E8D8FA2EDB8D7900B866B3 /* DriverTrackingView.swift */,
				C1C624392EDBCCAF00889D32 /* NavigationCoordinator.swift */,
				C1511F242EE53B01005203B8 /* LumoAPI.swift */,
				C1511F262EE53C4B005203B8 /* RiderBackendTestView.swift */,
				C17486012EE9189A00570D95 /* DeliveryRequestView.swift */,
				C136FEF52F2584F2009CEAFC /* GoogleService-Info.plist */,
				C1F77E922ED6DD6400C14D4F /* RealLumo-Info.plist */,
				C1D548AF2ED6942400A387ED /* RealLumo.app */,
				C1876E422ED69B0500FD8CAC /* RealLumoTests.xctest */,
				C1876E432ED69B0500FD8CAC /* RealLumoUITests.xctest */,
				C1876E452ED69DCB00FD8CAC /* Assets.xcassets */,
				C18AFCBD2FF2E29700E5850F /* Frameworks */,
			);
			sourceTree = "<group>";
		};
/* End PBXGroup section */

/* Begin PBXNativeTarget section */
		C1B44A692ED567210095C550 /* RealLumo */ = {
			isa = PBXNativeTarget;
			buildConfigurationList = C1B44A8B2ED567210095C550 /* Build configuration list for PBXNativeTarget "RealLumo" */;
			buildPhases = (
				C1B44A662ED567210095C550 /* Sources */,
				C1B44A672ED567210095C550 /* Frameworks */,
				C1B44A682ED567210095C550 /* Resources */,
			);
			buildRules = (
			);
			dependencies = (
			);
			name = RealLumo;
			packageProductDependencies = (
				C17FBF932ED6CBE300E6CA1D /* FirebaseAuth */,
				C17FBF952ED6CBE300E6CA1D /* FirebaseCore */,
				C1595C2C2EDA83960098FD1D /* Stripe */,
				C1595C372EDA9BD50098FD1D /* GoogleMaps */,
				C1E8D8F62EDB65E200B866B3 /* GoogleSignIn */,
				C1D634CF2EE3969B006CA37E /* FirebaseFirestore */,
				C1E24F242F0B6EF500CA14F9 /* Auth */,
				C1E24F262F0B6EF500CA14F9 /* PostgREST */,
				C1E24F282F0B6EF500CA14F9 /* Realtime */,
				C11235942F135324008CCCC0 /* Supabase */,
				C1B92D292F245F5C008F42E6 /* FirebaseMessaging */,
				C18AFCBE2FF2E29700E5850F /* FirebaseFunctions */,
			);
			productName = RealLumo;
			productReference = C1D548AF2ED6942400A387ED /* RealLumo.app */;
			productType = "com.apple.product-type.application";
		};
		C1B44A762ED567210095C550 /* RealLumoTests */ = {
			isa = PBXNativeTarget;
			buildConfigurationList = C1B44A8E2ED567210095C550 /* Build configuration list for PBXNativeTarget "RealLumoTests" */;
			buildPhases = (
				C1B44A732ED567210095C550 /* Sources */,
				C1B44A742ED567210095C550 /* Frameworks */,
				C1B44A752ED567210095C550 /* Resources */,
			);
			buildRules = (
			);
			dependencies = (
				C1B44A792ED567210095C550 /* PBXTargetDependency */,
			);
			name = RealLumoTests;
			packageProductDependencies = (
			);
			productName = RealLumoTests;
			productReference = C1876E422ED69B0500FD8CAC /* RealLumoTests.xctest */;
			productType = "com.apple.product-type.bundle.unit-test";
		};
		C1B44A802ED567210095C550 /* RealLumoUITests */ = {
			isa = PBXNativeTarget;
			buildConfigurationList = C1B44A912ED567210095C550 /* Build configuration list for PBXNativeTarget "RealLumoUITests" */;
			buildPhases = (
				C1B44A7D2ED567210095C550 /* Sources */,
				C1B44A7E2ED567210095C550 /* Frameworks */,
				C1B44A7F2ED567210095C550 /* Resources */,
			);
			buildRules = (
			);
			dependencies = (
				C1B44A832ED567210095C550 /* PBXTargetDependency */,
			);
			name = RealLumoUITests;
			packageProductDependencies = (
			);
			productName = RealLumoUITests;
			productReference = C1876E432ED69B0500FD8CAC /* RealLumoUITests.xctest */;
			productType = "com.apple.product-type.bundle.ui-testing";
		};
/* End PBXNativeTarget section */

/* Begin PBXProject section */
		C1B44A622ED567210095C550 /* Project object */ = {
			isa = PBXProject;
			attributes = {
				BuildIndependentTargetsInParallel = 1;
				LastSwiftUpdateCheck = 2610;
				LastUpgradeCheck = 2610;
				TargetAttributes = {
					C1B44A692ED567210095C550 = {
						CreatedOnToolsVersion = 26.1.1;
						LastSwiftMigration = 2610;
					};
					C1B44A762ED567210095C550 = {
						CreatedOnToolsVersion = 26.1.1;
						TestTargetID = C1B44A692ED567210095C550;
					};
					C1B44A802ED567210095C550 = {
						CreatedOnToolsVersion = 26.1.1;
						TestTargetID = C1B44A692ED567210095C550;
					};
				};
			};
			buildConfigurationList = C1B44A652ED567210095C550 /* Build configuration list for PBXProject "REALCOPY" */;
			developmentRegion = en;
			hasScannedForEncodings = 0;
			knownRegions = (
				en,
				Base,
			);
			mainGroup = C1B44A612ED567210095C550;
			minimizedProjectReferenceProxies = 1;
			packageReferences = (
				C17FBF922ED6CBE300E6CA1D /* XCRemoteSwiftPackageReference "firebase-ios-sdk" */,
				C1595C2B2EDA83960098FD1D /* XCRemoteSwiftPackageReference "stripe-ios" */,
				C1595C362EDA9BD50098FD1D /* XCRemoteSwiftPackageReference "ios-maps-sdk" */,
				C1E8D8F52EDB65E200B866B3 /* XCRemoteSwiftPackageReference "GoogleSignIn-iOS" */,
				C1E24F232F0B6EF500CA14F9 /* XCRemoteSwiftPackageReference "supabase-swift" */,
			);
			preferredProjectObjectVersion = 77;
			productRefGroup = C1B44A612ED567210095C550;
			projectDirPath = "";
			projectRoot = "";
			targets = (
				C1B44A692ED567210095C550 /* RealLumo */,
				C1B44A762ED567210095C550 /* RealLumoTests */,
				C1B44A802ED567210095C550 /* RealLumoUITests */,
			);
		};
/* End PBXProject section */

/* Begin PBXResourcesBuildPhase section */
		C1B44A682ED567210095C550 /* Resources */ = {
			isa = PBXResourcesBuildPhase;
			buildActionMask = 2147483647;
			files = (
				C1876E462ED69DCB00FD8CAC /* Assets.xcassets in Resources */,
				C136FEF62F2584F2009CEAFC /* GoogleService-Info.plist in Resources */,
			);
			runOnlyForDeploymentPostprocessing = 0;
		};
		C1B44A752ED567210095C550 /* Resources */ = {
			isa = PBXResourcesBuildPhase;
			buildActionMask = 2147483647;
			files = (
			);
			runOnlyForDeploymentPostprocessing = 0;
		};
		C1B44A7F2ED567210095C550 /* Resources */ = {
			isa = PBXResourcesBuildPhase;
			buildActionMask = 2147483647;
			files = (
			);
			runOnlyForDeploymentPostprocessing = 0;
		};
/* End PBXResourcesBuildPhase section */

/* Begin PBXSourcesBuildPhase section */
		C1B44A662ED567210095C550 /* Sources */ = {
			isa = PBXSourcesBuildPhase;
			buildActionMask = 2147483647;
			files = (
				C1595C312EDA88820098FD1D /* CardPaymentView.swift in Sources */,
				C1A9BFCA2F14774B007AEE88 /* IraqAutoFareCalculator.swift in Sources */,
				C1D548AC2ED6927800A387ED /* HomeView.swift in Sources */,
				C1511F272EE53C4B005203B8 /* RiderBackendTestView.swift in Sources */,
				C1CFC0FF2ED9130100CCA712 /* ConfirmPickupView.swift in Sources */,
				C11235932F135034008CCCC0 /* ChatView.swift in Sources */,
				C1DC3FFE2ED8093700E98BD5 /* VerificationView .swift in Sources */,
				C1E8D8F92EDB860500B866B3 /* RouteService.swift in Sources */,
				C1595C3E2EDAA8530098FD1D /* LumoMapStyle.json in Sources */,
				C112358F2F134FE8008CCCC0 /* Message.swift in Sources */,
				C1511F252EE53B01005203B8 /* LumoAPI.swift in Sources */,
				C176D8F12F16E43C00C56989 /* SeachingForDriverView.swift in Sources */,
				C1595C3A2EDA9CFD0098FD1D /* GoogleMapView.swift in Sources */,
				C1D548AD2ED6927800A387ED /* SplashScreen.swift in Sources */,
				C1D548AE2ED6927800A387ED /* GetStartedView.swift in Sources */,
				C1E8D8F42EDB56DB00B866B3 /* GMSMapView+LumoStyle.swift in Sources */,
				C1E8D8FB2EDB8D7900B866B3 /* DriverTrackingView.swift in Sources */,
				C1E24F222F0B6DC900CA14F9 /* SupabaseRideService.swift in Sources */,
				C14C472E2F1DA4800076F2DD /* RideScheduledView.swift in Sources */,
				C1595C332EDA8B600098FD1D /* RideConfirmedView.swift in Sources */,
				C1CFC0FB2ED8FE3300CCA712 /* LocationManager.swift in Sources */,
				C11235912F135018008CCCC0 /* ChatService.swift in Sources */,
				C11EACCB2F23FBEB00E84333 /* AppleSignInService.swift in Sources */,
				C1595C2A2EDA6F8C0098FD1D /* AddPaymentView.swift in Sources */,
				C1D548A82ED6925600A387ED /* LumoApp.swift in Sources */,
				C122E43A2ED8E57C00EEE5DA /* ScheduleRideView.swift in Sources */,
				C13C1F342ED8C59900F9CCBE /* DestinationSearchView.swift in Sources */,
				C1595C2F2EDA83D60098FD1D /* StripeConfig.swift in Sources */,
				C1C6243A2EDBCCAF00889D32 /* NavigationCoordinator.swift in Sources */,
				C1CFC0FD2ED90FAC00CCA712 /* RideOptionsView.swift in Sources */,
				C17486022EE9189A00570D95 /* DeliveryRequestView.swift in Sources */,
			);
			runOnlyForDeploymentPostprocessing = 0;
		};
		C1B44A732ED567210095C550 /* Sources */ = {
			isa = PBXSourcesBuildPhase;
			buildActionMask = 2147483647;
			files = (
			);
			runOnlyForDeploymentPostprocessing = 0;
		};
		C1B44A7D2ED567210095C550 /* Sources */ = {
			isa = PBXSourcesBuildPhase;
			buildActionMask = 2147483647;
			files = (
			);
			runOnlyForDeploymentPostprocessing = 0;
		};
/* End PBXSourcesBuildPhase section */

/* Begin PBXTargetDependency section */
		C1B44A792ED567210095C550 /* PBXTargetDependency */ = {
			isa = PBXTargetDependency;
			target = C1B44A692ED567210095C550 /* RealLumo */;
			targetProxy = C1B44A782ED567210095C550 /* PBXContainerItemProxy */;
		};
		C1B44A832ED567210095C550 /* PBXTargetDependency */ = {
			isa = PBXTargetDependency;
			target = C1B44A692ED567210095C550 /* RealLumo */;
			targetProxy = C1B44A822ED567210095C550 /* PBXContainerItemProxy */;
		};
/* End PBXTargetDependency section */

/* Begin XCBuildConfiguration section */
		C1B44A892ED567210095C550 /* Debug */ = {
			isa = XCBuildConfiguration;
			buildSettings = {
				ALWAYS_SEARCH_USER_PATHS = NO;
				ASSETCATALOG_COMPILER_GENERATE_SWIFT_ASSET_SYMBOL_EXTENSIONS = YES;
				CLANG_ANALYZER_NONNULL = YES;
				CLANG_ANALYZER_NUMBER_OBJECT_CONVERSION = YES_AGGRESSIVE;
				CLANG_CXX_LANGUAGE_STANDARD = "gnu++20";
				CLANG_ENABLE_MODULES = YES;
				CLANG_ENABLE_OBJC_ARC = YES;
				CLANG_ENABLE_OBJC_WEAK = YES;
				CLANG_WARN_BLOCK_CAPTURE_AUTORELEASING = YES;
				CLANG_WARN_BOOL_CONVERSION = YES;
				CLANG_WARN_COMMA = YES;
				CLANG_WARN_CONSTANT_CONVERSION = YES;
				CLANG_WARN_DEPRECATED_OBJC_IMPLEMENTATIONS = YES;
				CLANG_WARN_DIRECT_OBJC_ISA_USAGE = YES_ERROR;
				CLANG_WARN_DOCUMENTATION_COMMENTS = YES;
				CLANG_WARN_EMPTY_BODY = YES;
				CLANG_WARN_ENUM_CONVERSION = YES;
				CLANG_WARN_INFINITE_RECURSION = YES;
				CLANG_WARN_INT_CONVERSION = YES;
				CLANG_WARN_NON_LITERAL_NULL_CONVERSION = YES;
				CLANG_WARN_OBJC_IMPLICIT_RETAIN_SELF = YES;
				CLANG_WARN_OBJC_LITERAL_CONVERSION = YES;
				CLANG_WARN_OBJC_ROOT_CLASS = YES_ERROR;
				CLANG_WARN_QUOTED_INCLUDE_IN_FRAMEWORK_HEADER = YES;
				CLANG_WARN_RANGE_LOOP_ANALYSIS = YES;
				CLANG_WARN_STRICT_PROTOTYPES = YES;
				CLANG_WARN_SUSPICIOUS_MOVE = YES;
				CLANG_WARN_UNGUARDED_AVAILABILITY = YES_AGGRESSIVE;
				CLANG_WARN_UNREACHABLE_CODE = YES;
				CLANG_WARN__DUPLICATE_METHOD_MATCH = YES;
				COPY_PHASE_STRIP = NO;
				DEBUG_INFORMATION_FORMAT = dwarf;
				ENABLE_STRICT_OBJC_MSGSEND = YES;
				ENABLE_TESTABILITY = YES;
				ENABLE_USER_SCRIPT_SANDBOXING = YES;
				GCC_C_LANGUAGE_STANDARD = gnu17;
				GCC_DYNAMIC_NO_PIC = NO;
				GCC_NO_COMMON_BLOCKS = YES;
				GCC_OPTIMIZATION_LEVEL = 0;
				GCC_PREPROCESSOR_DEFINITIONS = (
					"DEBUG=1",
					"$(inherited)",
				);
				GCC_WARN_64_TO_32_BIT_CONVERSION = YES;
				GCC_WARN_ABOUT_RETURN_TYPE = YES_ERROR;
				GCC_WARN_UNDECLARED_SELECTOR = YES;
				GCC_WARN_UNINITIALIZED_AUTOS = YES_AGGRESSIVE;
				GCC_WARN_UNUSED_FUNCTION = YES;
				GCC_WARN_UNUSED_VARIABLE = YES;
				IPHONEOS_DEPLOYMENT_TARGET = 26.1;
				LOCALIZATION_PREFERS_STRING_CATALOGS = YES;
				MTL_ENABLE_DEBUG_INFO = INCLUDE_SOURCE;
				MTL_FAST_MATH = YES;
				ONLY_ACTIVE_ARCH = YES;
				SDKROOT = iphoneos;
				SWIFT_ACTIVE_COMPILATION_CONDITIONS = "DEBUG $(inherited)";
				SWIFT_OPTIMIZATION_LEVEL = "-Onone";
			};
			name = Debug;
		};
		C1B44A8A2ED567210095C550 /* Release */ = {
			isa = XCBuildConfiguration;
			buildSettings = {
				ALWAYS_SEARCH_USER_PATHS = NO;
				ASSETCATALOG_COMPILER_GENERATE_SWIFT_ASSET_SYMBOL_EXTENSIONS = YES;
				CLANG_ANALYZER_NONNULL = YES;
				CLANG_ANALYZER_NUMBER_OBJECT_CONVERSION = YES_AGGRESSIVE;
				CLANG_CXX_LANGUAGE_STANDARD = "gnu++20";
				CLANG_ENABLE_MODULES = YES;
				CLANG_ENABLE_OBJC_ARC = YES;
				CLANG_ENABLE_OBJC_WEAK = YES;
				CLANG_WARN_BLOCK_CAPTURE_AUTORELEASING = YES;
				CLANG_WARN_BOOL_CONVERSION = YES;
				CLANG_WARN_COMMA = YES;
				CLANG_WARN_CONSTANT_CONVERSION = YES;
				CLANG_WARN_DEPRECATED_OBJC_IMPLEMENTATIONS = YES;
				CLANG_WARN_DIRECT_OBJC_ISA_USAGE = YES_ERROR;
				CLANG_WARN_DOCUMENTATION_COMMENTS = YES;
				CLANG_WARN_EMPTY_BODY = YES;
				CLANG_WARN_ENUM_CONVERSION = YES;
				CLANG_WARN_INFINITE_RECURSION = YES;
				CLANG_WARN_INT_CONVERSION = YES;
				CLANG_WARN_NON_LITERAL_NULL_CONVERSION = YES;
				CLANG_WARN_OBJC_IMPLICIT_RETAIN_SELF = YES;
				CLANG_WARN_OBJC_LITERAL_CONVERSION = YES;
				CLANG_WARN_OBJC_ROOT_CLASS = YES_ERROR;
				CLANG_WARN_QUOTED_INCLUDE_IN_FRAMEWORK_HEADER = YES;
				CLANG_WARN_RANGE_LOOP_ANALYSIS = YES;
				CLANG_WARN_STRICT_PROTOTYPES = YES;
				CLANG_WARN_SUSPICIOUS_MOVE = YES;
				CLANG_WARN_UNGUARDED_AVAILABILITY = YES_AGGRESSIVE;
				CLANG_WARN_UNREACHABLE_CODE = YES;
				CLANG_WARN__DUPLICATE_METHOD_MATCH = YES;
				COPY_PHASE_STRIP = NO;
				DEBUG_INFORMATION_FORMAT = "dwarf-with-dsym";
				ENABLE_NS_ASSERTIONS = NO;
				ENABLE_STRICT_OBJC_MSGSEND = YES;
				ENABLE_USER_SCRIPT_SANDBOXING = YES;
				GCC_C_LANGUAGE_STANDARD = gnu17;
				GCC_NO_COMMON_BLOCKS = YES;
				GCC_WARN_64_TO_32_BIT_CONVERSION = YES;
				GCC_WARN_ABOUT_RETURN_TYPE = YES_ERROR;
				GCC_WARN_UNDECLARED_SELECTOR = YES;
				GCC_WARN_UNINITIALIZED_AUTOS = YES_AGGRESSIVE;
				GCC_WARN_UNUSED_FUNCTION = YES;
				GCC_WARN_UNUSED_VARIABLE = YES;
				IPHONEOS_DEPLOYMENT_TARGET = 26.1;
				LOCALIZATION_PREFERS_STRING_CATALOGS = YES;
				MTL_ENABLE_DEBUG_INFO = NO;
				MTL_FAST_MATH = YES;
				SDKROOT = iphoneos;
				SWIFT_COMPILATION_MODE = wholemodule;
				VALIDATE_PRODUCT = YES;
			};
			name = Release;
		};
		C1B44A8C2ED567210095C550 /* Debug */ = {
			isa = XCBuildConfiguration;
			buildSettings = {
				ASSETCATALOG_COMPILER_APPICON_NAME = AppIcon;
				ASSETCATALOG_COMPILER_GLOBAL_ACCENT_COLOR_NAME = AccentColor;
				CLANG_ENABLE_MODULES = YES;
				CODE_SIGN_ENTITLEMENTS = RealLumo.entitlements;
				CODE_SIGN_STYLE = Automatic;
				CURRENT_PROJECT_VERSION = 2;
				DEVELOPMENT_TEAM = 865S59PB5Y;
				ENABLE_PREVIEWS = YES;
				GENERATE_INFOPLIST_FILE = YES;
				INFOPLIST_FILE = "RealLumo-Info.plist";
				INFOPLIST_KEY_CFBundleDisplayName = "";
				INFOPLIST_KEY_LSApplicationCategoryType = "";
				INFOPLIST_KEY_NSLocationWhenInUseUsageDescription = "Lumo uses your location to show nearby rides.\n";
				INFOPLIST_KEY_UIApplicationSceneManifest_Generation = YES;
				INFOPLIST_KEY_UIApplicationSupportsIndirectInputEvents = YES;
				INFOPLIST_KEY_UILaunchScreen_Generation = YES;
				INFOPLIST_KEY_UISupportedInterfaceOrientations_iPad = "UIInterfaceOrientationPortrait UIInterfaceOrientationPortraitUpsideDown UIInterfaceOrientationLandscapeLeft UIInterfaceOrientationLandscapeRight";
				INFOPLIST_KEY_UISupportedInterfaceOrientations_iPhone = "UIInterfaceOrientationPortrait UIInterfaceOrientationLandscapeLeft UIInterfaceOrientationLandscapeRight";
				IPHONEOS_DEPLOYMENT_TARGET = 18.0;
				LD_RUNPATH_SEARCH_PATHS = (
					"$(inherited)",
					"@executable_path/Frameworks",
				);
				MARKETING_VERSION = 1.01;
				PRODUCT_BUNDLE_IDENTIFIER = com.alyaa.RealLumo;
				PRODUCT_NAME = "$(TARGET_NAME)";
				STRING_CATALOG_GENERATE_SYMBOLS = YES;
				SWIFT_APPROACHABLE_CONCURRENCY = YES;
				SWIFT_DEFAULT_ACTOR_ISOLATION = MainActor;
				SWIFT_EMIT_LOC_STRINGS = YES;
				SWIFT_OBJC_BRIDGING_HEADER = "";
				SWIFT_OPTIMIZATION_LEVEL = "-Onone";
				SWIFT_UPCOMING_FEATURE_MEMBER_IMPORT_VISIBILITY = YES;
				SWIFT_VERSION = 5.0;
				TARGETED_DEVICE_FAMILY = "1,2";
			};
			name = Debug;
		};
		C1B44A8D2ED567210095C550 /* Release */ = {
			isa = XCBuildConfiguration;
			buildSettings = {
				ASSETCATALOG_COMPILER_APPICON_NAME = AppIcon;
				ASSETCATALOG_COMPILER_GLOBAL_ACCENT_COLOR_NAME = AccentColor;
				CLANG_ENABLE_MODULES = YES;
				CODE_SIGN_ENTITLEMENTS = RealLumo.entitlements;
				CODE_SIGN_STYLE = Automatic;
				CURRENT_PROJECT_VERSION = 2;
				DEVELOPMENT_TEAM = 865S59PB5Y;
				ENABLE_PREVIEWS = YES;
				GENERATE_INFOPLIST_FILE = YES;
				INFOPLIST_FILE = "RealLumo-Info.plist";
				INFOPLIST_KEY_CFBundleDisplayName = "";
				INFOPLIST_KEY_LSApplicationCategoryType = "";
				INFOPLIST_KEY_NSLocationWhenInUseUsageDescription = "Lumo uses your location to show nearby rides.\n";
				INFOPLIST_KEY_UIApplicationSceneManifest_Generation = YES;
				INFOPLIST_KEY_UIApplicationSupportsIndirectInputEvents = YES;
				INFOPLIST_KEY_UILaunchScreen_Generation = YES;
				INFOPLIST_KEY_UISupportedInterfaceOrientations_iPad = "UIInterfaceOrientationPortrait UIInterfaceOrientationPortraitUpsideDown UIInterfaceOrientationLandscapeLeft UIInterfaceOrientationLandscapeRight";
				INFOPLIST_KEY_UISupportedInterfaceOrientations_iPhone = "UIInterfaceOrientationPortrait UIInterfaceOrientationLandscapeLeft UIInterfaceOrientationLandscapeRight";
				IPHONEOS_DEPLOYMENT_TARGET = 18.0;
				LD_RUNPATH_SEARCH_PATHS = (
					"$(inherited)",
					"@executable_path/Frameworks",
				);
				MARKETING_VERSION = 1.01;
				PRODUCT_BUNDLE_IDENTIFIER = com.alyaa.RealLumo;
				PRODUCT_NAME = "$(TARGET_NAME)";
				STRING_CATALOG_GENERATE_SYMBOLS = YES;
				SWIFT_APPROACHABLE_CONCURRENCY = YES;
				SWIFT_DEFAULT_ACTOR_ISOLATION = MainActor;
				SWIFT_EMIT_LOC_STRINGS = YES;
				SWIFT_OBJC_BRIDGING_HEADER = "";
				SWIFT_UPCOMING_FEATURE_MEMBER_IMPORT_VISIBILITY = YES;
				SWIFT_VERSION = 5.0;
				TARGETED_DEVICE_FAMILY = "1,2";
			};
			name = Release;
		};
		C1B44A8F2ED567210095C550 /* Debug */ = {
			isa = XCBuildConfiguration;
			buildSettings = {
				BUNDLE_LOADER = "$(TEST_HOST)";
				CODE_SIGN_STYLE = Automatic;
				CURRENT_PROJECT_VERSION = 1;
				GENERATE_INFOPLIST_FILE = YES;
				IPHONEOS_DEPLOYMENT_TARGET = 26.1;
				MARKETING_VERSION = 1.0;
				PRODUCT_BUNDLE_IDENTIFIER = com.alyaa.RealLumoTests;
				PRODUCT_NAME = "$(TARGET_NAME)";
				STRING_CATALOG_GENERATE_SYMBOLS = NO;
				SWIFT_APPROACHABLE_CONCURRENCY = YES;
				SWIFT_EMIT_LOC_STRINGS = NO;
				SWIFT_UPCOMING_FEATURE_MEMBER_IMPORT_VISIBILITY = YES;
				SWIFT_VERSION = 5.0;
				TARGETED_DEVICE_FAMILY = "1,2";
				TEST_HOST = "$(BUILT_PRODUCTS_DIR)/RealLumo.app/$(BUNDLE_EXECUTABLE_FOLDER_PATH)/RealLumo";
			};
			name = Debug;
		};
		C1B44A902ED567210095C550 /* Release */ = {
			isa = XCBuildConfiguration;
			buildSettings = {
				BUNDLE_LOADER = "$(TEST_HOST)";
				CODE_SIGN_STYLE = Automatic;
				CURRENT_PROJECT_VERSION = 1;
				GENERATE_INFOPLIST_FILE = YES;
				IPHONEOS_DEPLOYMENT_TARGET = 26.1;
				MARKETING_VERSION = 1.0;
				PRODUCT_BUNDLE_IDENTIFIER = com.alyaa.RealLumoTests;
				PRODUCT_NAME = "$(TARGET_NAME)";
				STRING_CATALOG_GENERATE_SYMBOLS = NO;
				SWIFT_APPROACHABLE_CONCURRENCY = YES;
				SWIFT_EMIT_LOC_STRINGS = NO;
				SWIFT_UPCOMING_FEATURE_MEMBER_IMPORT_VISIBILITY = YES;
				SWIFT_VERSION = 5.0;
				TARGETED_DEVICE_FAMILY = "1,2";
				TEST_HOST = "$(BUILT_PRODUCTS_DIR)/RealLumo.app/$(BUNDLE_EXECUTABLE_FOLDER_PATH)/RealLumo";
			};
			name = Release;
		};
		C1B44A922ED567210095C550 /* Debug */ = {
			isa = XCBuildConfiguration;
			buildSettings = {
				CODE_SIGN_STYLE = Automatic;
				CURRENT_PROJECT_VERSION = 1;
				GENERATE_INFOPLIST_FILE = YES;
				MARKETING_VERSION = 1.0;
				PRODUCT_BUNDLE_IDENTIFIER = com.alyaa.RealLumoUITests;
				PRODUCT_NAME = "$(TARGET_NAME)";
				STRING_CATALOG_GENERATE_SYMBOLS = NO;
				SWIFT_APPROACHABLE_CONCURRENCY = YES;
				SWIFT_EMIT_LOC_STRINGS = NO;
				SWIFT_UPCOMING_FEATURE_MEMBER_IMPORT_VISIBILITY = YES;
				SWIFT_VERSION = 5.0;
				TARGETED_DEVICE_FAMILY = "1,2";
				TEST_TARGET_NAME = RealLumo;
			};
			name = Debug;
		};
		C1B44A932ED567210095C550 /* Release */ = {
			isa = XCBuildConfiguration;
			buildSettings = {
				CODE_SIGN_STYLE = Automatic;
				CURRENT_PROJECT_VERSION = 1;
				GENERATE_INFOPLIST_FILE = YES;
				MARKETING_VERSION = 1.0;
				PRODUCT_BUNDLE_IDENTIFIER = com.alyaa.RealLumoUITests;
				PRODUCT_NAME = "$(TARGET_NAME)";
				STRING_CATALOG_GENERATE_SYMBOLS = NO;
				SWIFT_APPROACHABLE_CONCURRENCY = YES;
				SWIFT_EMIT_LOC_STRINGS = NO;
				SWIFT_UPCOMING_FEATURE_MEMBER_IMPORT_VISIBILITY = YES;
				SWIFT_VERSION = 5.0;
				TARGETED_DEVICE_FAMILY = "1,2";
				TEST_TARGET_NAME = RealLumo;
			};
			name = Release;
		};
/* End XCBuildConfiguration section */

/* Begin XCConfigurationList section */
		C1B44A652ED567210095C550 /* Build configuration list for PBXProject "REALCOPY" */ = {
			isa = XCConfigurationList;
			buildConfigurations = (
				C1B44A892ED567210095C550 /* Debug */,
				C1B44A8A2ED567210095C550 /* Release */,
			);
			defaultConfigurationIsVisible = 0;
			defaultConfigurationName = Release;
		};
		C1B44A8B2ED567210095C550 /* Build configuration list for PBXNativeTarget "RealLumo" */ = {
			isa = XCConfigurationList;
			buildConfigurations = (
				C1B44A8C2ED567210095C550 /* Debug */,
				C1B44A8D2ED567210095C550 /* Release */,
			);
			defaultConfigurationIsVisible = 0;
			defaultConfigurationName = Release;
		};
		C1B44A8E2ED567210095C550 /* Build configuration list for PBXNativeTarget "RealLumoTests" */ = {
			isa = XCConfigurationList;
			buildConfigurations = (
				C1B44A8F2ED567210095C550 /* Debug */,
				C1B44A902ED567210095C550 /* Release */,
			);
			defaultConfigurationIsVisible = 0;
			defaultConfigurationName = Release;
		};
		C1B44A912ED567210095C550 /* Build configuration list for PBXNativeTarget "RealLumoUITests" */ = {
			isa = XCConfigurationList;
			buildConfigurations = (
				C1B44A922ED567210095C550 /* Debug */,
				C1B44A932ED567210095C550 /* Release */,
			);
			defaultConfigurationIsVisible = 0;
			defaultConfigurationName = Release;
		};
/* End XCConfigurationList section */

/* Begin XCRemoteSwiftPackageReference section */
		C1595C2B2EDA83960098FD1D /* XCRemoteSwiftPackageReference "stripe-ios" */ = {
			isa = XCRemoteSwiftPackageReference;
			repositoryURL = "https://github.com/stripe/stripe-ios";
			requirement = {
				kind = upToNextMajorVersion;
				minimumVersion = 25.1.1;
			};
		};
		C1595C362EDA9BD50098FD1D /* XCRemoteSwiftPackageReference "ios-maps-sdk" */ = {
			isa = XCRemoteSwiftPackageReference;
			repositoryURL = "https://github.com/googlemaps/ios-maps-sdk";
			requirement = {
				kind = upToNextMajorVersion;
				minimumVersion = 10.6.0;
			};
		};
		C17FBF922ED6CBE300E6CA1D /* XCRemoteSwiftPackageReference "firebase-ios-sdk" */ = {
			isa = XCRemoteSwiftPackageReference;
			repositoryURL = "https://github.com/firebase/firebase-ios-sdk";
			requirement = {
				kind = upToNextMajorVersion;
				minimumVersion = 12.6.0;
			};
		};
		C1E24F232F0B6EF500CA14F9 /* XCRemoteSwiftPackageReference "supabase-swift" */ = {
			isa = XCRemoteSwiftPackageReference;
			repositoryURL = "https://github.com/supabase/supabase-swift";
			requirement = {
				kind = upToNextMajorVersion;
				minimumVersion = 2.5.1;
			};
		};
		C1E8D8F52EDB65E200B866B3 /* XCRemoteSwiftPackageReference "GoogleSignIn-iOS" */ = {
			isa = XCRemoteSwiftPackageReference;
			repositoryURL = "https://github.com/google/GoogleSignIn-iOS";
			requirement = {
				kind = upToNextMajorVersion;
				minimumVersion = 9.0.0;
			};
		};
/* End XCRemoteSwiftPackageReference section */

/* Begin XCSwiftPackageProductDependency section */
		C11235942F135324008CCCC0 /* Supabase */ = {
			isa = XCSwiftPackageProductDependency;
			productName = Supabase;
		};
		C1595C2C2EDA83960098FD1D /* Stripe */ = {
			isa = XCSwiftPackageProductDependency;
			package = C1595C2B2EDA83960098FD1D /* XCRemoteSwiftPackageReference "stripe-ios" */;
			productName = Stripe;
		};
		C1595C372EDA9BD50098FD1D /* GoogleMaps */ = {
			isa = XCSwiftPackageProductDependency;
			package = C1595C362EDA9BD50098FD1D /* XCRemoteSwiftPackageReference "ios-maps-sdk" */;
			productName = GoogleMaps;
		};
		C17FBF932ED6CBE300E6CA1D /* FirebaseAuth */ = {
			isa = XCSwiftPackageProductDependency;
			package = C17FBF922ED6CBE300E6CA1D /* XCRemoteSwiftPackageReference "firebase-ios-sdk" */;
			productName = FirebaseAuth;
		};
		C17FBF952ED6CBE300E6CA1D /* FirebaseCore */ = {
			isa = XCSwiftPackageProductDependency;
			package = C17FBF922ED6CBE300E6CA1D /* XCRemoteSwiftPackageReference "firebase-ios-sdk" */;
			productName = FirebaseCore;
		};
		C18AFCBE2FF2E29700E5850F /* FirebaseFunctions */ = {
			isa = XCSwiftPackageProductDependency;
			package = C17FBF922ED6CBE300E6CA1D /* XCRemoteSwiftPackageReference "firebase-ios-sdk" */;
			productName = FirebaseFunctions;
		};
		C1B92D292F245F5C008F42E6 /* FirebaseMessaging */ = {
			isa = XCSwiftPackageProductDependency;
			package = C17FBF922ED6CBE300E6CA1D /* XCRemoteSwiftPackageReference "firebase-ios-sdk" */;
			productName = FirebaseMessaging;
		};
		C1D634CF2EE3969B006CA37E /* FirebaseFirestore */ = {
			isa = XCSwiftPackageProductDependency;
			package = C17FBF922ED6CBE300E6CA1D /* XCRemoteSwiftPackageReference "firebase-ios-sdk" */;
			productName = FirebaseFirestore;
		};
		C1E24F242F0B6EF500CA14F9 /* Auth */ = {
			isa = XCSwiftPackageProductDependency;
			package = C1E24F232F0B6EF500CA14F9 /* XCRemoteSwiftPackageReference "supabase-swift" */;
			productName = Auth;
		};
		C1E24F262F0B6EF500CA14F9 /* PostgREST */ = {
			isa = XCSwiftPackageProductDependency;
			package = C1E24F232F0B6EF500CA14F9 /* XCRemoteSwiftPackageReference "supabase-swift" */;
			productName = PostgREST;
		};
		C1E24F282F0B6EF500CA14F9 /* Realtime */ = {
			isa = XCSwiftPackageProductDependency;
			package = C1E24F232F0B6EF500CA14F9 /* XCRemoteSwiftPackageReference "supabase-swift" */;
			productName = Realtime;
		};
		C1E8D8F62EDB65E200B866B3 /* GoogleSignIn */ = {
			isa = XCSwiftPackageProductDependency;
			package = C1E8D8F52EDB65E200B866B3 /* XCRemoteSwiftPackageReference "GoogleSignIn-iOS" */;
			productName = GoogleSignIn;
		};
/* End XCSwiftPackageProductDependency section */
	};
	rootObject = C1B44A622ED567210095C550 /* Project object */;
}
